
Microsoft Visual Studio Solution File, Format Version 12.00
# Visual Studio Version 17
VisualStudioVersion = 17.5.33424.131
MinimumVisualStudioVersion = 10.0.40219.1
Project("{FAE04EC0-301F-11D3-BF4B-00C04F79EFBC}") = "ClubeDaLeitura.ConsoleApp", "ClubeDaLeitura.ConsoleApp\ClubeDaLeitura.ConsoleApp.csproj", "{91E2C9F7-2FA0-4449-B47B-CA793C808DC1}"
EndProject
Global
	GlobalSection(SolutionConfigurationPlatforms) = preSolution
		Debug|Any CPU = Debug|Any CPU
		Release|Any CPU = Release|Any CPU
	EndGlobalSection
	GlobalSection(ProjectConfigurationPlatforms) = postSolution
		{91E2C9F7-2FA0-4449-B47B-CA793C808DC1}.Debug|Any CPU.ActiveCfg = Debug|Any CPU
		{91E2C9F7-2FA0-4449-B47B-CA793C808DC1}.Debug|Any CPU.Build.0 = Debug|Any CPU
		{91E2C9F7-2FA0-4449-B47B-CA793C808DC1}.Release|Any CPU.ActiveCfg = Release|Any CPU
		{91E2C9F7-2FA0-4449-B47B-CA793C808DC1}.Release|Any CPU.Build.0 = Release|Any CPU
	EndGlobalSection
	GlobalSection(SolutionProperties) = preSolution
		HideSolutionNode = FALSE
	EndGlobalSection
	GlobalSection(ExtensibilityGlobals) = postSolution
		SolutionGuid = {69C80B3C-9C0F-4041-BFC6-6728C180E6FD}
	EndGlobalSection
EndGlobal
